schema: '2.0'
stages:
  download:
    cmd: python -m model_training.dataset
    deps:
    - path: model_training/dataset.py
      hash: md5
      md5: d398185e0dc397883004b88c23aaf376
      size: 3566
    params:
      params.yaml:
        data.download:
          training_data:
            url: 
              https://raw.githubusercontent.com/proksch/restaurant-sentiment/main/a1_RestaurantReviews_HistoricDump.tsv
          test_data:
            url: 
              https://raw.githubusercontent.com/proksch/restaurant-sentiment/main/a2_RestaurantReviews_FreshDump.tsv
    outs:
    - path: data/raw/a1_RestaurantReviews_HistoricDump.tsv
      hash: md5
      md5: 102f1f4193e0bdebdd6cce7f13e0a839
      size: 54686
    - path: data/raw/a2_RestaurantReviews_FreshDump.tsv
      hash: md5
      md5: 097c8b95f6b255e5a6a06b29d61fef8e
      size: 6504
  prepare:
    cmd: python -m model_training.features
    deps:
    - path: data/raw/a1_RestaurantReviews_HistoricDump.tsv
      hash: md5
      md5: 102f1f4193e0bdebdd6cce7f13e0a839
      size: 54686
    - path: data/raw/a2_RestaurantReviews_FreshDump.tsv
      hash: md5
      md5: 097c8b95f6b255e5a6a06b29d61fef8e
      size: 6504
    - path: model_training/features.py
      hash: md5
      md5: e6d67fd89176724112296cc261eb2844
      size: 2368
    params:
      params.yaml:
        data:
          download:
            training_data:
              url: 
                https://raw.githubusercontent.com/proksch/restaurant-sentiment/main/a1_RestaurantReviews_HistoricDump.tsv
            test_data:
              url: 
                https://raw.githubusercontent.com/proksch/restaurant-sentiment/main/a2_RestaurantReviews_FreshDump.tsv
          raw_data_path: data/raw
          processed_data_path: data/processed
    outs:
    - path: data/processed/bow_vectorizer.pkl
      hash: md5
      md5: 55538a8a69f05fd46eb394e38bf71a06
      size: 39451
    - path: data/processed/features.csv
      hash: md5
      md5: 34c08e2c530411c728c5eb0038e18ab3
      size: 2563796
  train:
    cmd: python -m model_training.modeling.train
    deps:
    - path: data/processed/bow_vectorizer.pkl
      hash: md5
      md5: 55538a8a69f05fd46eb394e38bf71a06
      size: 39451
    - path: data/processed/features.csv
      hash: md5
      md5: 34c08e2c530411c728c5eb0038e18ab3
      size: 2563796
    - path: model_training/modeling/train.py
      hash: md5
      md5: 50b01134d15462367164ff87fa4bfaf9
      size: 3590
    params:
      params.yaml:
        training:
          test_size: 0.2
          random_state: 42
          model_params:
            max_iter: 1000
    outs:
    - path: models/model.joblib
      hash: md5
      md5: 63cbc76be8c44e19f77c973f77ffc547
      size: 46215
    - path: reports/metrics.json
      hash: md5
      md5: 679018188f0de780a11566a97c29bdfb
      size: 128
  evaluate:
    cmd: python -m model_training.modeling.evaluate_model
    deps:
    - path: data/processed/features.csv
      hash: md5
      md5: 34c08e2c530411c728c5eb0038e18ab3
      size: 2563796
    - path: model_training/modeling/evaluate_model.py
      hash: md5
      md5: 3e1207f7b2656fb6f4382ffea05500c9
      size: 2311
    - path: models/model.joblib
      hash: md5
      md5: 63cbc76be8c44e19f77c973f77ffc547
      size: 46215
    params:
      params.yaml:
        evaluation:
          metrics:
          - accuracy
          - precision
          - recall
          - f1
    outs:
    - path: reports/evaluation.json
      hash: md5
      md5: 2e7b26750f82323a0c34a53e75bac752
      size: 139
  prepare_service:
    cmd: python prepare_for_model_service.py
    deps:
    - path: models/model.joblib
      hash: md5
      md5: 63cbc76be8c44e19f77c973f77ffc547
      size: 46215
    - path: prepare_for_model_service.py
      hash: md5
      md5: 15aab137d339f65d2b0a17d1a3b06a9c
      size: 1720
    outs:
    - path: model_service_artifacts
      hash: md5
      md5: 58c060c4af07351b446967c33c6683a0.dir
      size: 85666
      nfiles: 2
